
Microsoft Visual Studio Solution File, Format Version 12.00
# Visual Studio Version 17
VisualStudioVersion = 17.3.32819.101
MinimumVisualStudioVersion = 10.0.40219.1
Project("{FAE04EC0-301F-11D3-BF4B-00C04F79EFBC}") = "DI_MinimalAPI", "DI_MinimalAPI\DI_MinimalAPI.csproj", "{36F77D91-601B-4C99-9D5F-2C8F5DE3B4E7}"
EndProject
Global
	GlobalSection(SolutionConfigurationPlatforms) = preSolution
		Debug|Any CPU = Debug|Any CPU
		Release|Any CPU = Release|Any CPU
	EndGlobalSection
	GlobalSection(ProjectConfigurationPlatforms) = postSolution
		{36F77D91-601B-4C99-9D5F-2C8F5DE3B4E7}.Debug|Any CPU.ActiveCfg = Debug|Any CPU
		{36F77D91-601B-4C99-9D5F-2C8F5DE3B4E7}.Debug|Any CPU.Build.0 = Debug|Any CPU
		{36F77D91-601B-4C99-9D5F-2C8F5DE3B4E7}.Release|Any CPU.ActiveCfg = Release|Any CPU
		{36F77D91-601B-4C99-9D5F-2C8F5DE3B4E7}.Release|Any CPU.Build.0 = Release|Any CPU
	EndGlobalSection
	GlobalSection(SolutionProperties) = preSolution
		HideSolutionNode = FALSE
	EndGlobalSection
	GlobalSection(ExtensibilityGlobals) = postSolution
		SolutionGuid = {EC0227CF-D309-4C9E-861F-F57B23E64FBD}
	EndGlobalSection
EndGlobal
